
Microsoft Visual Studio Solution File, Format Version 12.00
# Visual Studio Version 17
VisualStudioVersion = 17.2.32526.322
MinimumVisualStudioVersion = 10.0.40219.1
Project("{FAE04EC0-301F-11D3-BF4B-00C04F79EFBC}") = "AddStudent", "AddStudent\AddStudent.csproj", "{FFF50D05-F273-4D30-8F59-31FBA54DA2BB}"
EndProject
Global
	GlobalSection(SolutionConfigurationPlatforms) = preSolution
		Debug|Any CPU = Debug|Any CPU
		Release|Any CPU = Release|Any CPU
	EndGlobalSection
	GlobalSection(ProjectConfigurationPlatforms) = postSolution
		{FFF50D05-F273-4D30-8F59-31FBA54DA2BB}.Debug|Any CPU.ActiveCfg = Debug|Any CPU
		{FFF50D05-F273-4D30-8F59-31FBA54DA2BB}.Debug|Any CPU.Build.0 = Debug|Any CPU
		{FFF50D05-F273-4D30-8F59-31FBA54DA2BB}.Release|Any CPU.ActiveCfg = Release|Any CPU
		{FFF50D05-F273-4D30-8F59-31FBA54DA2BB}.Release|Any CPU.Build.0 = Release|Any CPU
	EndGlobalSection
	GlobalSection(SolutionProperties) = preSolution
		HideSolutionNode = FALSE
	EndGlobalSection
	GlobalSection(ExtensibilityGlobals) = postSolution
		SolutionGuid = {8C5B3C00-EAEE-4F9C-B73A-E63FBC791A6A}
	EndGlobalSection
EndGlobal
